// !$*UTF8*$!
{
	archiveVersion = 1;
	classes = {
	};
	objectVersion = 56;
	objects = {

/* Begin PBXBuildFile section */
		797D88882BB1D070006AEEEA /* SearchTableCell.swift in Sources */ = {isa = PBXBuildFile; fileRef = 797D88872BB1D070006AEEEA /* SearchTableCell.swift */; };
		797D888A2BB1D07D006AEEEA /* SearchBottomSheetView.swift in Sources */ = {isa = PBXBuildFile; fileRef = 797D88892BB1D07D006AEEEA /* SearchBottomSheetView.swift */; };
		797D888C2BB1D08E006AEEEA /* SearchBottomSheetController.swift in Sources */ = {isa = PBXBuildFile; fileRef = 797D888B2BB1D08E006AEEEA /* SearchBottomSheetController.swift */; };
		79F9AEEB2BB1C85700E49BE5 /* GoogleService-Info.plist in Resources */ = {isa = PBXBuildFile; fileRef = 79F9AEEA2BB1C85700E49BE5 /* GoogleService-Info.plist */; };
		FD0A30AB2BADBD7800144F8E /* AppDelegate.swift in Sources */ = {isa = PBXBuildFile; fileRef = FD0A30AA2BADBD7800144F8E /* AppDelegate.swift */; };
		FD0A30AD2BADBD7800144F8E /* SceneDelegate.swift in Sources */ = {isa = PBXBuildFile; fileRef = FD0A30AC2BADBD7800144F8E /* SceneDelegate.swift */; };
		FD0A30AF2BADBD7800144F8E /* ViewController.swift in Sources */ = {isa = PBXBuildFile; fileRef = FD0A30AE2BADBD7800144F8E /* ViewController.swift */; };
		FD0A30B22BADBD7800144F8E /* Base in Resources */ = {isa = PBXBuildFile; fileRef = FD0A30B12BADBD7800144F8E /* Base */; };
		FD0A30B42BADBD7A00144F8E /* Assets.xcassets in Resources */ = {isa = PBXBuildFile; fileRef = FD0A30B32BADBD7A00144F8E /* Assets.xcassets */; };
		FD0A30B72BADBD7A00144F8E /* Base in Resources */ = {isa = PBXBuildFile; fileRef = FD0A30B62BADBD7A00144F8E /* Base */; };
		FD0A30C22BADBE2700144F8E /* FirebaseAuth in Frameworks */ = {isa = PBXBuildFile; productRef = FD0A30C12BADBE2700144F8E /* FirebaseAuth */; };
		FD0A30C42BADBE2700144F8E /* FirebaseFirestore in Frameworks */ = {isa = PBXBuildFile; productRef = FD0A30C32BADBE2700144F8E /* FirebaseFirestore */; };
		FD0A30C62BADBE2700144F8E /* FirebaseFirestoreSwift in Frameworks */ = {isa = PBXBuildFile; productRef = FD0A30C52BADBE2700144F8E /* FirebaseFirestoreSwift */; };
		FD0A30C82BADBE2700144F8E /* FirebaseStorage in Frameworks */ = {isa = PBXBuildFile; productRef = FD0A30C72BADBE2700144F8E /* FirebaseStorage */; };
		FD483FF32BADC1FE00819925 /* MainScreenView.swift in Sources */ = {isa = PBXBuildFile; fileRef = FD483FF22BADC1FE00819925 /* MainScreenView.swift */; };
		FD483FF52BB1B08D00819925 /* Chat.swift in Sources */ = {isa = PBXBuildFile; fileRef = FD483FF42BB1B08D00819925 /* Chat.swift */; };
		FD483FF82BB1B0A600819925 /* Message.swift in Sources */ = {isa = PBXBuildFile; fileRef = FD483FF72BB1B0A600819925 /* Message.swift */; };
		FD483FFA2BB1B0B300819925 /* User.swift in Sources */ = {isa = PBXBuildFile; fileRef = FD483FF92BB1B0B300819925 /* User.swift */; };
		FD483FFC2BB1B0EA00819925 /* Configs.swift in Sources */ = {isa = PBXBuildFile; fileRef = FD483FFB2BB1B0EA00819925 /* Configs.swift */; };
		FD483FFF2BB1B11300819925 /* RegisterView.swift in Sources */ = {isa = PBXBuildFile; fileRef = FD483FFE2BB1B11300819925 /* RegisterView.swift */; };
		FD4840012BB1B12500819925 /* RegisterViewController.swift in Sources */ = {isa = PBXBuildFile; fileRef = FD4840002BB1B12500819925 /* RegisterViewController.swift */; };
		FD4840032BB1B13B00819925 /* RegisterFirebaseManager.swift in Sources */ = {isa = PBXBuildFile; fileRef = FD4840022BB1B13B00819925 /* RegisterFirebaseManager.swift */; };
		FD4840052BB1B16E00819925 /* RightBarButtonManager.swift in Sources */ = {isa = PBXBuildFile; fileRef = FD4840042BB1B16E00819925 /* RightBarButtonManager.swift */; };
		FD4840072BB1B19200819925 /* ChatsTableViewManager.swift in Sources */ = {isa = PBXBuildFile; fileRef = FD4840062BB1B19200819925 /* ChatsTableViewManager.swift */; };
		FD4840092BB1B1B200819925 /* ChatsTableViewCell.swift in Sources */ = {isa = PBXBuildFile; fileRef = FD4840082BB1B1B200819925 /* ChatsTableViewCell.swift */; };
		FD4840102BB1B5DB00819925 /* ChatView.swift in Sources */ = {isa = PBXBuildFile; fileRef = FD48400F2BB1B5DB00819925 /* ChatView.swift */; };
		FD4840122BB1B6E100819925 /* ChatTableManager.swift in Sources */ = {isa = PBXBuildFile; fileRef = FD4840112BB1B6E100819925 /* ChatTableManager.swift */; };
		FD4840142BB1B7D700819925 /* ChatViewController.swift in Sources */ = {isa = PBXBuildFile; fileRef = FD4840132BB1B7D700819925 /* ChatViewController.swift */; };
/* End PBXBuildFile section */

/* Begin PBXFileReference section */
		797D88872BB1D070006AEEEA /* SearchTableCell.swift */ = {isa = PBXFileReference; lastKnownFileType = sourcecode.swift; path = SearchTableCell.swift; sourceTree = "<group>"; };
		797D88892BB1D07D006AEEEA /* SearchBottomSheetView.swift */ = {isa = PBXFileReference; lastKnownFileType = sourcecode.swift; path = SearchBottomSheetView.swift; sourceTree = "<group>"; };
		797D888B2BB1D08E006AEEEA /* SearchBottomSheetController.swift */ = {isa = PBXFileReference; lastKnownFileType = sourcecode.swift; path = SearchBottomSheetController.swift; sourceTree = "<group>"; };
		79F9AEEA2BB1C85700E49BE5 /* GoogleService-Info.plist */ = {isa = PBXFileReference; fileEncoding = 4; lastKnownFileType = text.plist.xml; path = "GoogleService-Info.plist"; sourceTree = "<group>"; };
		FD0A30A72BADBD7800144F8E /* WA8_13.app */ = {isa = PBXFileReference; explicitFileType = wrapper.application; includeInIndex = 0; path = WA8_13.app; sourceTree = BUILT_PRODUCTS_DIR; };
		FD0A30AA2BADBD7800144F8E /* AppDelegate.swift */ = {isa = PBXFileReference; lastKnownFileType = sourcecode.swift; path = AppDelegate.swift; sourceTree = "<group>"; };
		FD0A30AC2BADBD7800144F8E /* SceneDelegate.swift */ = {isa = PBXFileReference; lastKnownFileType = sourcecode.swift; path = SceneDelegate.swift; sourceTree = "<group>"; };
		FD0A30AE2BADBD7800144F8E /* ViewController.swift */ = {isa = PBXFileReference; lastKnownFileType = sourcecode.swift; path = ViewController.swift; sourceTree = "<group>"; };
		FD0A30B12BADBD7800144F8E /* Base */ = {isa = PBXFileReference; lastKnownFileType = file.storyboard; name = Base; path = Base.lproj/Main.storyboard; sourceTree = "<group>"; };
		FD0A30B32BADBD7A00144F8E /* Assets.xcassets */ = {isa = PBXFileReference; lastKnownFileType = folder.assetcatalog; path = Assets.xcassets; sourceTree = "<group>"; };
		FD0A30B62BADBD7A00144F8E /* Base */ = {isa = PBXFileReference; lastKnownFileType = file.storyboard; name = Base; path = Base.lproj/LaunchScreen.storyboard; sourceTree = "<group>"; };
		FD0A30B82BADBD7A00144F8E /* Info.plist */ = {isa = PBXFileReference; lastKnownFileType = text.plist.xml; path = Info.plist; sourceTree = "<group>"; };
		FD483FF22BADC1FE00819925 /* MainScreenView.swift */ = {isa = PBXFileReference; lastKnownFileType = sourcecode.swift; path = MainScreenView.swift; sourceTree = "<group>"; };
		FD483FF42BB1B08D00819925 /* Chat.swift */ = {isa = PBXFileReference; lastKnownFileType = sourcecode.swift; path = Chat.swift; sourceTree = "<group>"; };
		FD483FF72BB1B0A600819925 /* Message.swift */ = {isa = PBXFileReference; lastKnownFileType = sourcecode.swift; path = Message.swift; sourceTree = "<group>"; };
		FD483FF92BB1B0B300819925 /* User.swift */ = {isa = PBXFileReference; lastKnownFileType = sourcecode.swift; path = User.swift; sourceTree = "<group>"; };
		FD483FFB2BB1B0EA00819925 /* Configs.swift */ = {isa = PBXFileReference; lastKnownFileType = sourcecode.swift; path = Configs.swift; sourceTree = "<group>"; };
		FD483FFE2BB1B11300819925 /* RegisterView.swift */ = {isa = PBXFileReference; lastKnownFileType = sourcecode.swift; path = RegisterView.swift; sourceTree = "<group>"; };
		FD4840002BB1B12500819925 /* RegisterViewController.swift */ = {isa = PBXFileReference; lastKnownFileType = sourcecode.swift; path = RegisterViewController.swift; sourceTree = "<group>"; };
		FD4840022BB1B13B00819925 /* RegisterFirebaseManager.swift */ = {isa = PBXFileReference; lastKnownFileType = sourcecode.swift; path = RegisterFirebaseManager.swift; sourceTree = "<group>"; };
		FD4840042BB1B16E00819925 /* RightBarButtonManager.swift */ = {isa = PBXFileReference; lastKnownFileType = sourcecode.swift; path = RightBarButtonManager.swift; sourceTree = "<group>"; };
		FD4840062BB1B19200819925 /* ChatsTableViewManager.swift */ = {isa = PBXFileReference; lastKnownFileType = sourcecode.swift; path = ChatsTableViewManager.swift; sourceTree = "<group>"; };
		FD4840082BB1B1B200819925 /* ChatsTableViewCell.swift */ = {isa = PBXFileReference; lastKnownFileType = sourcecode.swift; path = ChatsTableViewCell.swift; sourceTree = "<group>"; };
		FD48400F2BB1B5DB00819925 /* ChatView.swift */ = {isa = PBXFileReference; lastKnownFileType = sourcecode.swift; path = ChatView.swift; sourceTree = "<group>"; };
		FD4840112BB1B6E100819925 /* ChatTableManager.swift */ = {isa = PBXFileReference; lastKnownFileType = sourcecode.swift; path = ChatTableManager.swift; sourceTree = "<group>"; };
		FD4840132BB1B7D700819925 /* ChatViewController.swift */ = {isa = PBXFileReference; lastKnownFileType = sourcecode.swift; path = ChatViewController.swift; sourceTree = "<group>"; };
/* End PBXFileReference section */

/* Begin PBXFrameworksBuildPhase section */
		FD0A30A42BADBD7800144F8E /* Frameworks */ = {
			isa = PBXFrameworksBuildPhase;
			buildActionMask = 2147483647;
			files = (
				FD0A30C22BADBE2700144F8E /* FirebaseAuth in Frameworks */,
				FD0A30C82BADBE2700144F8E /* FirebaseStorage in Frameworks */,
				FD0A30C42BADBE2700144F8E /* FirebaseFirestore in Frameworks */,
				FD0A30C62BADBE2700144F8E /* FirebaseFirestoreSwift in Frameworks */,
			);
			runOnlyForDeploymentPostprocessing = 0;
		};
/* End PBXFrameworksBuildPhase section */

/* Begin PBXGroup section */
		797D88852BB1CFFA006AEEEA /* AddNewChatScreen */ = {
			isa = PBXGroup;
			children = (
				797D88862BB1D064006AEEEA /* Views */,
				797D888B2BB1D08E006AEEEA /* SearchBottomSheetController.swift */,
			);
			path = AddNewChatScreen;
			sourceTree = "<group>";
		};
		797D88862BB1D064006AEEEA /* Views */ = {
			isa = PBXGroup;
			children = (
				797D88872BB1D070006AEEEA /* SearchTableCell.swift */,
				797D88892BB1D07D006AEEEA /* SearchBottomSheetView.swift */,
			);
			path = Views;
			sourceTree = "<group>";
		};
		FD0A309E2BADBD7800144F8E = {
			isa = PBXGroup;
			children = (
				FD0A30A92BADBD7800144F8E /* WA8_13 */,
				FD0A30A82BADBD7800144F8E /* Products */,
			);
			sourceTree = "<group>";
		};
		FD0A30A82BADBD7800144F8E /* Products */ = {
			isa = PBXGroup;
			children = (
				FD0A30A72BADBD7800144F8E /* WA8_13.app */,
			);
			name = Products;
			sourceTree = "<group>";
		};
		FD0A30A92BADBD7800144F8E /* WA8_13 */ = {
			isa = PBXGroup;
			children = (
				797D88852BB1CFFA006AEEEA /* AddNewChatScreen */,
				FD48400A2BB1B5A500819925 /* ChatScreen */,
				FD483FFD2BB1B0F700819925 /* RegisterScreen */,
				FD483FF62BB1B09200819925 /* DataModels */,
				FD483FED2BADC1B800819925 /* MainScreen */,
				FD0A30AA2BADBD7800144F8E /* AppDelegate.swift */,
				FD0A30AC2BADBD7800144F8E /* SceneDelegate.swift */,
				FD0A30B02BADBD7800144F8E /* Main.storyboard */,
				FD0A30B32BADBD7A00144F8E /* Assets.xcassets */,
				FD0A30B52BADBD7A00144F8E /* LaunchScreen.storyboard */,
				FD0A30B82BADBD7A00144F8E /* Info.plist */,
				79F9AEEA2BB1C85700E49BE5 /* GoogleService-Info.plist */,
				FD483FFB2BB1B0EA00819925 /* Configs.swift */,
			);
			path = WA8_13;
			sourceTree = "<group>";
		};
		FD483FED2BADC1B800819925 /* MainScreen */ = {
			isa = PBXGroup;
			children = (
				FD0A30AE2BADBD7800144F8E /* ViewController.swift */,
				FD483FEE2BADC1BE00819925 /* Views */,
				FD4840042BB1B16E00819925 /* RightBarButtonManager.swift */,
				FD4840062BB1B19200819925 /* ChatsTableViewManager.swift */,
			);
			path = MainScreen;
			sourceTree = "<group>";
		};
		FD483FEE2BADC1BE00819925 /* Views */ = {
			isa = PBXGroup;
			children = (
				FD483FF22BADC1FE00819925 /* MainScreenView.swift */,
				FD4840082BB1B1B200819925 /* ChatsTableViewCell.swift */,
			);
			path = Views;
			sourceTree = "<group>";
		};
		FD483FF62BB1B09200819925 /* DataModels */ = {
			isa = PBXGroup;
			children = (
				FD483FF42BB1B08D00819925 /* Chat.swift */,
				FD483FF72BB1B0A600819925 /* Message.swift */,
				FD483FF92BB1B0B300819925 /* User.swift */,
			);
			path = DataModels;
			sourceTree = "<group>";
		};
		FD483FFD2BB1B0F700819925 /* RegisterScreen */ = {
			isa = PBXGroup;
			children = (
				FD48400C2BB1B5B500819925 /* Views */,
				FD4840002BB1B12500819925 /* RegisterViewController.swift */,
				FD4840022BB1B13B00819925 /* RegisterFirebaseManager.swift */,
			);
			path = RegisterScreen;
			sourceTree = "<group>";
		};
		FD48400A2BB1B5A500819925 /* ChatScreen */ = {
			isa = PBXGroup;
			children = (
				FD4840112BB1B6E100819925 /* ChatTableManager.swift */,
				FD4840132BB1B7D700819925 /* ChatViewController.swift */,
				FD48400B2BB1B5AE00819925 /* Views */,
			);
			path = ChatScreen;
			sourceTree = "<group>";
		};
		FD48400B2BB1B5AE00819925 /* Views */ = {
			isa = PBXGroup;
			children = (
				FD48400F2BB1B5DB00819925 /* ChatView.swift */,
			);
			path = Views;
			sourceTree = "<group>";
		};
		FD48400C2BB1B5B500819925 /* Views */ = {
			isa = PBXGroup;
			children = (
				FD483FFE2BB1B11300819925 /* RegisterView.swift */,
			);
			path = Views;
			sourceTree = "<group>";
		};
/* End PBXGroup section */

/* Begin PBXNativeTarget section */
		FD0A30A62BADBD7800144F8E /* WA8_13 */ = {
			isa = PBXNativeTarget;
			buildConfigurationList = FD0A30BB2BADBD7A00144F8E /* Build configuration list for PBXNativeTarget "WA8_13" */;
			buildPhases = (
				FD0A30A32BADBD7800144F8E /* Sources */,
				FD0A30A42BADBD7800144F8E /* Frameworks */,
				FD0A30A52BADBD7800144F8E /* Resources */,
			);
			buildRules = (
			);
			dependencies = (
			);
			name = WA8_13;
			packageProductDependencies = (
				FD0A30C12BADBE2700144F8E /* FirebaseAuth */,
				FD0A30C32BADBE2700144F8E /* FirebaseFirestore */,
				FD0A30C52BADBE2700144F8E /* FirebaseFirestoreSwift */,
				FD0A30C72BADBE2700144F8E /* FirebaseStorage */,
			);
			productName = WA8_13;
			productReference = FD0A30A72BADBD7800144F8E /* WA8_13.app */;
			productType = "com.apple.product-type.application";
		};
/* End PBXNativeTarget section */

/* Begin PBXProject section */
		FD0A309F2BADBD7800144F8E /* Project object */ = {
			isa = PBXProject;
			attributes = {
				BuildIndependentTargetsInParallel = 1;
				LastSwiftUpdateCheck = 1530;
				LastUpgradeCheck = 1530;
				TargetAttributes = {
					FD0A30A62BADBD7800144F8E = {
						CreatedOnToolsVersion = 15.3;
					};
				};
			};
			buildConfigurationList = FD0A30A22BADBD7800144F8E /* Build configuration list for PBXProject "WA8_13" */;
			compatibilityVersion = "Xcode 14.0";
			developmentRegion = en;
			hasScannedForEncodings = 0;
			knownRegions = (
				en,
				Base,
			);
			mainGroup = FD0A309E2BADBD7800144F8E;
			packageReferences = (
				FD0A30C02BADBE2700144F8E /* XCRemoteSwiftPackageReference "firebase-ios-sdk" */,
			);
			productRefGroup = FD0A30A82BADBD7800144F8E /* Products */;
			projectDirPath = "";
			projectRoot = "";
			targets = (
				FD0A30A62BADBD7800144F8E /* WA8_13 */,
			);
		};
/* End PBXProject section */

/* Begin PBXResourcesBuildPhase section */
		FD0A30A52BADBD7800144F8E /* Resources */ = {
			isa = PBXResourcesBuildPhase;
			buildActionMask = 2147483647;
			files = (
				FD0A30B42BADBD7A00144F8E /* Assets.xcassets in Resources */,
				79F9AEEB2BB1C85700E49BE5 /* GoogleService-Info.plist in Resources */,
				FD0A30B72BADBD7A00144F8E /* Base in Resources */,
				FD0A30B22BADBD7800144F8E /* Base in Resources */,
			);
			runOnlyForDeploymentPostprocessing = 0;
		};
/* End PBXResourcesBuildPhase section */

/* Begin PBXSourcesBuildPhase section */
		FD0A30A32BADBD7800144F8E /* Sources */ = {
			isa = PBXSourcesBuildPhase;
			buildActionMask = 2147483647;
			files = (
				797D888C2BB1D08E006AEEEA /* SearchBottomSheetController.swift in Sources */,
				FD4840052BB1B16E00819925 /* RightBarButtonManager.swift in Sources */,
				FD483FFF2BB1B11300819925 /* RegisterView.swift in Sources */,
				797D88882BB1D070006AEEEA /* SearchTableCell.swift in Sources */,
				FD4840012BB1B12500819925 /* RegisterViewController.swift in Sources */,
				FD0A30AF2BADBD7800144F8E /* ViewController.swift in Sources */,
				FD4840122BB1B6E100819925 /* ChatTableManager.swift in Sources */,
				FD4840032BB1B13B00819925 /* RegisterFirebaseManager.swift in Sources */,
				FD483FFC2BB1B0EA00819925 /* Configs.swift in Sources */,
				FD0A30AB2BADBD7800144F8E /* AppDelegate.swift in Sources */,
				797D888A2BB1D07D006AEEEA /* SearchBottomSheetView.swift in Sources */,
				FD4840102BB1B5DB00819925 /* ChatView.swift in Sources */,
				FD4840072BB1B19200819925 /* ChatsTableViewManager.swift in Sources */,
				FD0A30AD2BADBD7800144F8E /* SceneDelegate.swift in Sources */,
				FD4840142BB1B7D700819925 /* ChatViewController.swift in Sources */,
				FD483FF82BB1B0A600819925 /* Message.swift in Sources */,
				FD483FF52BB1B08D00819925 /* Chat.swift in Sources */,
				FD483FF32BADC1FE00819925 /* MainScreenView.swift in Sources */,
				FD483FFA2BB1B0B300819925 /* User.swift in Sources */,
				FD4840092BB1B1B200819925 /* ChatsTableViewCell.swift in Sources */,
			);
			runOnlyForDeploymentPostprocessing = 0;
		};
/* End PBXSourcesBuildPhase section */

/* Begin PBXVariantGroup section */
		FD0A30B02BADBD7800144F8E /* Main.storyboard */ = {
			isa = PBXVariantGroup;
			children = (
				FD0A30B12BADBD7800144F8E /* Base */,
			);
			name = Main.storyboard;
			sourceTree = "<group>";
		};
		FD0A30B52BADBD7A00144F8E /* LaunchScreen.storyboard */ = {
			isa = PBXVariantGroup;
			children = (
				FD0A30B62BADBD7A00144F8E /* Base */,
			);
			name = LaunchScreen.storyboard;
			sourceTree = "<group>";
		};
/* End PBXVariantGroup section */

/* Begin XCBuildConfiguration section */
		FD0A30B92BADBD7A00144F8E /* Debug */ = {
			isa = XCBuildConfiguration;
			buildSettings = {
				ALWAYS_SEARCH_USER_PATHS = NO;
				ASSETCATALOG_COMPILER_GENERATE_SWIFT_ASSET_SYMBOL_EXTENSIONS = YES;
				CLANG_ANALYZER_NONNULL = YES;
				CLANG_ANALYZER_NUMBER_OBJECT_CONVERSION = YES_AGGRESSIVE;
				CLANG_CXX_LANGUAGE_STANDARD = "gnu++20";
				CLANG_ENABLE_MODULES = YES;
				CLANG_ENABLE_OBJC_ARC = YES;
				CLANG_ENABLE_OBJC_WEAK = YES;
				CLANG_WARN_BLOCK_CAPTURE_AUTORELEASING = YES;
				CLANG_WARN_BOOL_CONVERSION = YES;
				CLANG_WARN_COMMA = YES;
				CLANG_WARN_CONSTANT_CONVERSION = YES;
				CLANG_WARN_DEPRECATED_OBJC_IMPLEMENTATIONS = YES;
				CLANG_WARN_DIRECT_OBJC_ISA_USAGE = YES_ERROR;
				CLANG_WARN_DOCUMENTATION_COMMENTS = YES;
				CLANG_WARN_EMPTY_BODY = YES;
				CLANG_WARN_ENUM_CONVERSION = YES;
				CLANG_WARN_INFINITE_RECURSION = YES;
				CLANG_WARN_INT_CONVERSION = YES;
				CLANG_WARN_NON_LITERAL_NULL_CONVERSION = YES;
				CLANG_WARN_OBJC_IMPLICIT_RETAIN_SELF = YES;
				CLANG_WARN_OBJC_LITERAL_CONVERSION = YES;
				CLANG_WARN_OBJC_ROOT_CLASS = YES_ERROR;
				CLANG_WARN_QUOTED_INCLUDE_IN_FRAMEWORK_HEADER = YES;
				CLANG_WARN_RANGE_LOOP_ANALYSIS = YES;
				CLANG_WARN_STRICT_PROTOTYPES = YES;
				CLANG_WARN_SUSPICIOUS_MOVE = YES;
				CLANG_WARN_UNGUARDED_AVAILABILITY = YES_AGGRESSIVE;
				CLANG_WARN_UNREACHABLE_CODE = YES;
				CLANG_WARN__DUPLICATE_METHOD_MATCH = YES;
				COPY_PHASE_STRIP = NO;
				DEBUG_INFORMATION_FORMAT = dwarf;
				ENABLE_STRICT_OBJC_MSGSEND = YES;
				ENABLE_TESTABILITY = YES;
				ENABLE_USER_SCRIPT_SANDBOXING = YES;
				GCC_C_LANGUAGE_STANDARD = gnu17;
				GCC_DYNAMIC_NO_PIC = NO;
				GCC_NO_COMMON_BLOCKS = YES;
				GCC_OPTIMIZATION_LEVEL = 0;
				GCC_PREPROCESSOR_DEFINITIONS = (
					"DEBUG=1",
					"$(inherited)",
				);
				GCC_WARN_64_TO_32_BIT_CONVERSION = YES;
				GCC_WARN_ABOUT_RETURN_TYPE = YES_ERROR;
				GCC_WARN_UNDECLARED_SELECTOR = YES;
				GCC_WARN_UNINITIALIZED_AUTOS = YES_AGGRESSIVE;
				GCC_WARN_UNUSED_FUNCTION = YES;
				GCC_WARN_UNUSED_VARIABLE = YES;
				IPHONEOS_DEPLOYMENT_TARGET = 17.2;
				LOCALIZATION_PREFERS_STRING_CATALOGS = YES;
				MTL_ENABLE_DEBUG_INFO = INCLUDE_SOURCE;
				MTL_FAST_MATH = YES;
				ONLY_ACTIVE_ARCH = YES;
				SDKROOT = iphoneos;
				SWIFT_ACTIVE_COMPILATION_CONDITIONS = "DEBUG $(inherited)";
				SWIFT_OPTIMIZATION_LEVEL = "-Onone";
			};
			name = Debug;
		};
		FD0A30BA2BADBD7A00144F8E /* Release */ = {
			isa = XCBuildConfiguration;
			buildSettings = {
				ALWAYS_SEARCH_USER_PATHS = NO;
				ASSETCATALOG_COMPILER_GENERATE_SWIFT_ASSET_SYMBOL_EXTENSIONS = YES;
				CLANG_ANALYZER_NONNULL = YES;
				CLANG_ANALYZER_NUMBER_OBJECT_CONVERSION = YES_AGGRESSIVE;
				CLANG_CXX_LANGUAGE_STANDARD = "gnu++20";
				CLANG_ENABLE_MODULES = YES;
				CLANG_ENABLE_OBJC_ARC = YES;
				CLANG_ENABLE_OBJC_WEAK = YES;
				CLANG_WARN_BLOCK_CAPTURE_AUTORELEASING = YES;
				CLANG_WARN_BOOL_CONVERSION = YES;
				CLANG_WARN_COMMA = YES;
				CLANG_WARN_CONSTANT_CONVERSION = YES;
				CLANG_WARN_DEPRECATED_OBJC_IMPLEMENTATIONS = YES;
				CLANG_WARN_DIRECT_OBJC_ISA_USAGE = YES_ERROR;
				CLANG_WARN_DOCUMENTATION_COMMENTS = YES;
				CLANG_WARN_EMPTY_BODY = YES;
				CLANG_WARN_ENUM_CONVERSION = YES;
				CLANG_WARN_INFINITE_RECURSION = YES;
				CLANG_WARN_INT_CONVERSION = YES;
				CLANG_WARN_NON_LITERAL_NULL_CONVERSION = YES;
				CLANG_WARN_OBJC_IMPLICIT_RETAIN_SELF = YES;
				CLANG_WARN_OBJC_LITERAL_CONVERSION = YES;
				CLANG_WARN_OBJC_ROOT_CLASS = YES_ERROR;
				CLANG_WARN_QUOTED_INCLUDE_IN_FRAMEWORK_HEADER = YES;
				CLANG_WARN_RANGE_LOOP_ANALYSIS = YES;
				CLANG_WARN_STRICT_PROTOTYPES = YES;
				CLANG_WARN_SUSPICIOUS_MOVE = YES;
				CLANG_WARN_UNGUARDED_AVAILABILITY = YES_AGGRESSIVE;
				CLANG_WARN_UNREACHABLE_CODE = YES;
				CLANG_WARN__DUPLICATE_METHOD_MATCH = YES;
				COPY_PHASE_STRIP = NO;
				DEBUG_INFORMATION_FORMAT = "dwarf-with-dsym";
				ENABLE_NS_ASSERTIONS = NO;
				ENABLE_STRICT_OBJC_MSGSEND = YES;
				ENABLE_USER_SCRIPT_SANDBOXING = YES;
				GCC_C_LANGUAGE_STANDARD = gnu17;
				GCC_NO_COMMON_BLOCKS = YES;
				GCC_WARN_64_TO_32_BIT_CONVERSION = YES;
				GCC_WARN_ABOUT_RETURN_TYPE = YES_ERROR;
				GCC_WARN_UNDECLARED_SELECTOR = YES;
				GCC_WARN_UNINITIALIZED_AUTOS = YES_AGGRESSIVE;
				GCC_WARN_UNUSED_FUNCTION = YES;
				GCC_WARN_UNUSED_VARIABLE = YES;
				IPHONEOS_DEPLOYMENT_TARGET = 17.2;
				LOCALIZATION_PREFERS_STRING_CATALOGS = YES;
				MTL_ENABLE_DEBUG_INFO = NO;
				MTL_FAST_MATH = YES;
				SDKROOT = iphoneos;
				SWIFT_COMPILATION_MODE = wholemodule;
				VALIDATE_PRODUCT = YES;
			};
			name = Release;
		};
		FD0A30BC2BADBD7A00144F8E /* Debug */ = {
			isa = XCBuildConfiguration;
			buildSettings = {
				ASSETCATALOG_COMPILER_APPICON_NAME = AppIcon;
				ASSETCATALOG_COMPILER_GLOBAL_ACCENT_COLOR_NAME = AccentColor;
				CODE_SIGN_STYLE = Automatic;
				CURRENT_PROJECT_VERSION = 1;
				DEVELOPMENT_TEAM = WX57JH76WP;
				GENERATE_INFOPLIST_FILE = YES;
				INFOPLIST_FILE = WA8_13/Info.plist;
				INFOPLIST_KEY_UIApplicationSupportsIndirectInputEvents = YES;
				INFOPLIST_KEY_UILaunchStoryboardName = LaunchScreen;
				INFOPLIST_KEY_UIMainStoryboardFile = Main;
				INFOPLIST_KEY_UISupportedInterfaceOrientations_iPad = "UIInterfaceOrientationPortrait UIInterfaceOrientationPortraitUpsideDown UIInterfaceOrientationLandscapeLeft UIInterfaceOrientationLandscapeRight";
				INFOPLIST_KEY_UISupportedInterfaceOrientations_iPhone = "UIInterfaceOrientationPortrait UIInterfaceOrientationLandscapeLeft UIInterfaceOrientationLandscapeRight";
				LD_RUNPATH_SEARCH_PATHS = (
					"$(inherited)",
					"@executable_path/Frameworks",
				);
				MARKETING_VERSION = 1.0;
				PRODUCT_BUNDLE_IDENTIFIER = "com.nuios.WA8-13";
				PRODUCT_NAME = "$(TARGET_NAME)";
				SWIFT_EMIT_LOC_STRINGS = YES;
				SWIFT_VERSION = 5.0;
				TARGETED_DEVICE_FAMILY = "1,2";
			};
			name = Debug;
		};
		FD0A30BD2BADBD7A00144F8E /* Release */ = {
			isa = XCBuildConfiguration;
			buildSettings = {
				ASSETCATALOG_COMPILER_APPICON_NAME = AppIcon;
				ASSETCATALOG_COMPILER_GLOBAL_ACCENT_COLOR_NAME = AccentColor;
				CODE_SIGN_STYLE = Automatic;
				CURRENT_PROJECT_VERSION = 1;
				DEVELOPMENT_TEAM = WX57JH76WP;
				GENERATE_INFOPLIST_FILE = YES;
				INFOPLIST_FILE = WA8_13/Info.plist;
				INFOPLIST_KEY_UIApplicationSupportsIndirectInputEvents = YES;
				INFOPLIST_KEY_UILaunchStoryboardName = LaunchScreen;
				INFOPLIST_KEY_UIMainStoryboardFile = Main;
				INFOPLIST_KEY_UISupportedInterfaceOrientations_iPad = "UIInterfaceOrientationPortrait UIInterfaceOrientationPortraitUpsideDown UIInterfaceOrientationLandscapeLeft UIInterfaceOrientationLandscapeRight";
				INFOPLIST_KEY_UISupportedInterfaceOrientations_iPhone = "UIInterfaceOrientationPortrait UIInterfaceOrientationLandscapeLeft UIInterfaceOrientationLandscapeRight";
				LD_RUNPATH_SEARCH_PATHS = (
					"$(inherited)",
					"@executable_path/Frameworks",
				);
				MARKETING_VERSION = 1.0;
				PRODUCT_BUNDLE_IDENTIFIER = "com.nuios.WA8-13";
				PRODUCT_NAME = "$(TARGET_NAME)";
				SWIFT_EMIT_LOC_STRINGS = YES;
				SWIFT_VERSION = 5.0;
				TARGETED_DEVICE_FAMILY = "1,2";
			};
			name = Release;
		};
/* End XCBuildConfiguration section */

/* Begin XCConfigurationList section */
		FD0A30A22BADBD7800144F8E /* Build configuration list for PBXProject "WA8_13" */ = {
			isa = XCConfigurationList;
			buildConfigurations = (
				FD0A30B92BADBD7A00144F8E /* Debug */,
				FD0A30BA2BADBD7A00144F8E /* Release */,
			);
			defaultConfigurationIsVisible = 0;
			defaultConfigurationName = Release;
		};
		FD0A30BB2BADBD7A00144F8E /* Build configuration list for PBXNativeTarget "WA8_13" */ = {
			isa = XCConfigurationList;
			buildConfigurations = (
				FD0A30BC2BADBD7A00144F8E /* Debug */,
				FD0A30BD2BADBD7A00144F8E /* Release */,
			);
			defaultConfigurationIsVisible = 0;
			defaultConfigurationName = Release;
		};
/* End XCConfigurationList section */

/* Begin XCRemoteSwiftPackageReference section */
		FD0A30C02BADBE2700144F8E /* XCRemoteSwiftPackageReference "firebase-ios-sdk" */ = {
			isa = XCRemoteSwiftPackageReference;
			repositoryURL = "https://github.com/firebase/firebase-ios-sdk";
			requirement = {
				kind = upToNextMajorVersion;
				minimumVersion = 10.23.0;
			};
		};
/* End XCRemoteSwiftPackageReference section */

/* Begin XCSwiftPackageProductDependency section */
		FD0A30C12BADBE2700144F8E /* FirebaseAuth */ = {
			isa = XCSwiftPackageProductDependency;
			package = FD0A30C02BADBE2700144F8E /* XCRemoteSwiftPackageReference "firebase-ios-sdk" */;
			productName = FirebaseAuth;
		};
		FD0A30C32BADBE2700144F8E /* FirebaseFirestore */ = {
			isa = XCSwiftPackageProductDependency;
			package = FD0A30C02BADBE2700144F8E /* XCRemoteSwiftPackageReference "firebase-ios-sdk" */;
			productName = FirebaseFirestore;
		};
		FD0A30C52BADBE2700144F8E /* FirebaseFirestoreSwift */ = {
			isa = XCSwiftPackageProductDependency;
			package = FD0A30C02BADBE2700144F8E /* XCRemoteSwiftPackageReference "firebase-ios-sdk" */;
			productName = FirebaseFirestoreSwift;
		};
		FD0A30C72BADBE2700144F8E /* FirebaseStorage */ = {
			isa = XCSwiftPackageProductDependency;
			package = FD0A30C02BADBE2700144F8E /* XCRemoteSwiftPackageReference "firebase-ios-sdk" */;
			productName = FirebaseStorage;
		};
/* End XCSwiftPackageProductDependency section */
	};
	rootObject = FD0A309F2BADBD7800144F8E /* Project object */;
}
